
Microsoft Visual Studio Solution File, Format Version 12.00
# Visual Studio Version 16
VisualStudioVersion = 16.0.30907.101
MinimumVisualStudioVersion = 10.0.40219.1
Project("{FAE04EC0-301F-11D3-BF4B-00C04F79EFBC}") = "KitchenBook", "KitchenBook.csproj", "{787DA85E-F708-4F86-818B-CD37D6A78BC1}"
EndProject
Global
	GlobalSection(SolutionConfigurationPlatforms) = preSolution
		Debug|Any CPU = Debug|Any CPU
		Release|Any CPU = Release|Any CPU
	EndGlobalSection
	GlobalSection(ProjectConfigurationPlatforms) = postSolution
		{787DA85E-F708-4F86-818B-CD37D6A78BC1}.Debug|Any CPU.ActiveCfg = Debug|Any CPU
		{787DA85E-F708-4F86-818B-CD37D6A78BC1}.Debug|Any CPU.Build.0 = Debug|Any CPU
		{787DA85E-F708-4F86-818B-CD37D6A78BC1}.Release|Any CPU.ActiveCfg = Release|Any CPU
		{787DA85E-F708-4F86-818B-CD37D6A78BC1}.Release|Any CPU.Build.0 = Release|Any CPU
	EndGlobalSection
	GlobalSection(SolutionProperties) = preSolution
		HideSolutionNode = FALSE
	EndGlobalSection
	GlobalSection(ExtensibilityGlobals) = postSolution
		SolutionGuid = {15BE47DC-420A-488D-B517-A793748F8E01}
	EndGlobalSection
EndGlobal
